
Microsoft Visual Studio Solution File, Format Version 12.00
# Visual Studio Version 17
VisualStudioVersion = 17.11.35312.102
MinimumVisualStudioVersion = 10.0.40219.1
Project("{9A19103F-16F7-4668-BE54-9A1E7A4F7556}") = "TimeAngle", "TimeAngle\TimeAngle.csproj", "{B9A83504-4F6D-4102-83BF-C220E02CF87C}"
EndProject
Project("{FAE04EC0-301F-11D3-BF4B-00C04F79EFBC}") = "TimeAngleTests", "TimeAngleTests\TimeAngleTests.csproj", "{DF5477B4-A19B-4BFF-9B61-A127E8F15B85}"
EndProject
Global
	GlobalSection(SolutionConfigurationPlatforms) = preSolution
		Debug|Any CPU = Debug|Any CPU
		Release|Any CPU = Release|Any CPU
	EndGlobalSection
	GlobalSection(ProjectConfigurationPlatforms) = postSolution
		{B9A83504-4F6D-4102-83BF-C220E02CF87C}.Debug|Any CPU.ActiveCfg = Debug|Any CPU
		{B9A83504-4F6D-4102-83BF-C220E02CF87C}.Debug|Any CPU.Build.0 = Debug|Any CPU
		{B9A83504-4F6D-4102-83BF-C220E02CF87C}.Release|Any CPU.ActiveCfg = Release|Any CPU
		{B9A83504-4F6D-4102-83BF-C220E02CF87C}.Release|Any CPU.Build.0 = Release|Any CPU
		{DF5477B4-A19B-4BFF-9B61-A127E8F15B85}.Debug|Any CPU.ActiveCfg = Debug|Any CPU
		{DF5477B4-A19B-4BFF-9B61-A127E8F15B85}.Debug|Any CPU.Build.0 = Debug|Any CPU
		{DF5477B4-A19B-4BFF-9B61-A127E8F15B85}.Release|Any CPU.ActiveCfg = Release|Any CPU
		{DF5477B4-A19B-4BFF-9B61-A127E8F15B85}.Release|Any CPU.Build.0 = Release|Any CPU
	EndGlobalSection
	GlobalSection(SolutionProperties) = preSolution
		HideSolutionNode = FALSE
	EndGlobalSection
	GlobalSection(ExtensibilityGlobals) = postSolution
		SolutionGuid = {807AD4A6-4B09-4889-BF23-5B764BA904A9}
	EndGlobalSection
EndGlobal
